
Microsoft Visual Studio Solution File, Format Version 12.00
# Visual Studio 15
VisualStudioVersion = 15.0.27428.2037
MinimumVisualStudioVersion = 10.0.40219.1
Project("{FAE04EC0-301F-11D3-BF4B-00C04F79EFBC}") = "Pinger", "Pinger\Pinger.csproj", "{51E8728A-E23D-4BA7-89EE-AC2C298F48E5}"
EndProject
Global
	GlobalSection(SolutionConfigurationPlatforms) = preSolution
		Debug|Any CPU = Debug|Any CPU
		Release|Any CPU = Release|Any CPU
	EndGlobalSection
	GlobalSection(ProjectConfigurationPlatforms) = postSolution
		{51E8728A-E23D-4BA7-89EE-AC2C298F48E5}.Debug|Any CPU.ActiveCfg = Debug|Any CPU
		{51E8728A-E23D-4BA7-89EE-AC2C298F48E5}.Debug|Any CPU.Build.0 = Debug|Any CPU
		{51E8728A-E23D-4BA7-89EE-AC2C298F48E5}.Release|Any CPU.ActiveCfg = Release|Any CPU
		{51E8728A-E23D-4BA7-89EE-AC2C298F48E5}.Release|Any CPU.Build.0 = Release|Any CPU
	EndGlobalSection
	GlobalSection(SolutionProperties) = preSolution
		HideSolutionNode = FALSE
	EndGlobalSection
	GlobalSection(ExtensibilityGlobals) = postSolution
		SolutionGuid = {CFC7910C-087A-4FA9-843D-011E5BB3F909}
	EndGlobalSection
EndGlobal
